
Microsoft Visual Studio Solution File, Format Version 11.00
# Visual Studio 2010
Project("{FAE04EC0-301F-11D3-BF4B-00C04F79EFBC}") = "Assembly-CSharp", "Assembly-CSharp.csproj", "{14A71940-620A-4901-DF42-F4619D0A5424}"
EndProject
Project("{FAE04EC0-301F-11D3-BF4B-00C04F79EFBC}") = "SteamVR", "SteamVR.csproj", "{C84545E8-4588-B8C1-158F-BD92FFEDF7D6}"
EndProject
Project("{FAE04EC0-301F-11D3-BF4B-00C04F79EFBC}") = "SteamVR_Actions", "SteamVR_Actions.csproj", "{5C951F83-9B9C-B2DE-A448-E82CCBE6D7FD}"
EndProject
Project("{FAE04EC0-301F-11D3-BF4B-00C04F79EFBC}") = "SteamVR_Editor", "SteamVR_Editor.csproj", "{133BC818-5D28-2062-7153-AC75678C8AEA}"
EndProject
Project("{FAE04EC0-301F-11D3-BF4B-00C04F79EFBC}") = "Assembly-CSharp-Editor", "Assembly-CSharp-Editor.csproj", "{46F5B6E3-E6AE-DBAF-F969-8294E44D64DA}"
EndProject
Project("{FAE04EC0-301F-11D3-BF4B-00C04F79EFBC}") = "SteamVR_Input_Editor", "SteamVR_Input_Editor.csproj", "{49DD152E-D7D6-F532-5F2D-F3BB3A764E64}"
EndProject
Project("{FAE04EC0-301F-11D3-BF4B-00C04F79EFBC}") = "SteamVR_Windows_EditorHelper", "SteamVR_Windows_EditorHelper.csproj", "{D76405D0-ADF9-6E25-239C-BE6B5EA361B0}"
EndProject
Global
	GlobalSection(SolutionConfigurationPlatforms) = preSolution
		Debug|Any CPU = Debug|Any CPU
		Release|Any CPU = Release|Any CPU
	EndGlobalSection
	GlobalSection(ProjectConfigurationPlatforms) = postSolution
		{14A71940-620A-4901-DF42-F4619D0A5424}.Debug|Any CPU.ActiveCfg = Debug|Any CPU
		{14A71940-620A-4901-DF42-F4619D0A5424}.Debug|Any CPU.Build.0 = Debug|Any CPU
		{14A71940-620A-4901-DF42-F4619D0A5424}.Release|Any CPU.ActiveCfg = Release|Any CPU
		{14A71940-620A-4901-DF42-F4619D0A5424}.Release|Any CPU.Build.0 = Release|Any CPU
		{C84545E8-4588-B8C1-158F-BD92FFEDF7D6}.Debug|Any CPU.ActiveCfg = Debug|Any CPU
		{C84545E8-4588-B8C1-158F-BD92FFEDF7D6}.Debug|Any CPU.Build.0 = Debug|Any CPU
		{C84545E8-4588-B8C1-158F-BD92FFEDF7D6}.Release|Any CPU.ActiveCfg = Release|Any CPU
		{C84545E8-4588-B8C1-158F-BD92FFEDF7D6}.Release|Any CPU.Build.0 = Release|Any CPU
		{5C951F83-9B9C-B2DE-A448-E82CCBE6D7FD}.Debug|Any CPU.ActiveCfg = Debug|Any CPU
		{5C951F83-9B9C-B2DE-A448-E82CCBE6D7FD}.Debug|Any CPU.Build.0 = Debug|Any CPU
		{5C951F83-9B9C-B2DE-A448-E82CCBE6D7FD}.Release|Any CPU.ActiveCfg = Release|Any CPU
		{5C951F83-9B9C-B2DE-A448-E82CCBE6D7FD}.Release|Any CPU.Build.0 = Release|Any CPU
		{133BC818-5D28-2062-7153-AC75678C8AEA}.Debug|Any CPU.ActiveCfg = Debug|Any CPU
		{133BC818-5D28-2062-7153-AC75678C8AEA}.Debug|Any CPU.Build.0 = Debug|Any CPU
		{133BC818-5D28-2062-7153-AC75678C8AEA}.Release|Any CPU.ActiveCfg = Release|Any CPU
		{133BC818-5D28-2062-7153-AC75678C8AEA}.Release|Any CPU.Build.0 = Release|Any CPU
		{46F5B6E3-E6AE-DBAF-F969-8294E44D64DA}.Debug|Any CPU.ActiveCfg = Debug|Any CPU
		{46F5B6E3-E6AE-DBAF-F969-8294E44D64DA}.Debug|Any CPU.Build.0 = Debug|Any CPU
		{46F5B6E3-E6AE-DBAF-F969-8294E44D64DA}.Release|Any CPU.ActiveCfg = Release|Any CPU
		{46F5B6E3-E6AE-DBAF-F969-8294E44D64DA}.Release|Any CPU.Build.0 = Release|Any CPU
		{49DD152E-D7D6-F532-5F2D-F3BB3A764E64}.Debug|Any CPU.ActiveCfg = Debug|Any CPU
		{49DD152E-D7D6-F532-5F2D-F3BB3A764E64}.Debug|Any CPU.Build.0 = Debug|Any CPU
		{49DD152E-D7D6-F532-5F2D-F3BB3A764E64}.Release|Any CPU.ActiveCfg = Release|Any CPU
		{49DD152E-D7D6-F532-5F2D-F3BB3A764E64}.Release|Any CPU.Build.0 = Release|Any CPU
		{D76405D0-ADF9-6E25-239C-BE6B5EA361B0}.Debug|Any CPU.ActiveCfg = Debug|Any CPU
		{D76405D0-ADF9-6E25-239C-BE6B5EA361B0}.Debug|Any CPU.Build.0 = Debug|Any CPU
		{D76405D0-ADF9-6E25-239C-BE6B5EA361B0}.Release|Any CPU.ActiveCfg = Release|Any CPU
		{D76405D0-ADF9-6E25-239C-BE6B5EA361B0}.Release|Any CPU.Build.0 = Release|Any CPU
	EndGlobalSection
	GlobalSection(SolutionProperties) = preSolution
		HideSolutionNode = FALSE
	EndGlobalSection
EndGlobal
